// !$*UTF8*$!
{
	archiveVersion = 1;
	classes = {
	};
	objectVersion = 46;
	objects = {

/* Begin PBXBuildFile section */
		66131AC91C0276F30069AE80 /* TreeViewController.swift in Sources */ = {isa = PBXBuildFile; fileRef = 66131AC71C0276F30069AE80 /* TreeViewController.swift */; };
		66131ACC1C027DE10069AE80 /* TreeView.swift in Sources */ = {isa = PBXBuildFile; fileRef = 66131ACB1C027DE10069AE80 /* TreeView.swift */; };
		6616711F1B2E64D100714530 /* AppDelegate.swift in Sources */ = {isa = PBXBuildFile; fileRef = 6616711E1B2E64D100714530 /* AppDelegate.swift */; };
		661671211B2E64D100714530 /* PersonDetailViewController.swift in Sources */ = {isa = PBXBuildFile; fileRef = 661671201B2E64D100714530 /* PersonDetailViewController.swift */; };
		661671251B2E64D100714530 /* Assets.xcassets in Resources */ = {isa = PBXBuildFile; fileRef = 661671241B2E64D100714530 /* Assets.xcassets */; };
		661671281B2E64D100714530 /* Main.storyboard in Resources */ = {isa = PBXBuildFile; fileRef = 661671261B2E64D100714530 /* Main.storyboard */; };
		661671311B2E6DC800714530 /* Utility.swift in Sources */ = {isa = PBXBuildFile; fileRef = 661671301B2E6DC800714530 /* Utility.swift */; };
		661A2AFA1B9BE21D004A4FEF /* BirthdayViewController.swift in Sources */ = {isa = PBXBuildFile; fileRef = 661A2AF91B9BE21D004A4FEF /* BirthdayViewController.swift */; };
		661A2AFC1B9BE22E004A4FEF /* NameComponents.swift in Sources */ = {isa = PBXBuildFile; fileRef = 661A2AFB1B9BE22E004A4FEF /* NameComponents.swift */; };
		661A2AFE1B9BE23B004A4FEF /* DeathViewController.swift in Sources */ = {isa = PBXBuildFile; fileRef = 661A2AFD1B9BE23B004A4FEF /* DeathViewController.swift */; };
		66223B711B30A050004132B6 /* AddParentViewController.swift in Sources */ = {isa = PBXBuildFile; fileRef = 66223B6F1B30A050004132B6 /* AddParentViewController.swift */; };
		66223B721B30A050004132B6 /* EditNameViewController.swift in Sources */ = {isa = PBXBuildFile; fileRef = 66223B701B30A050004132B6 /* EditNameViewController.swift */; };
		6629607F1CBB1205006B54E3 /* BrowserViewController.swift in Sources */ = {isa = PBXBuildFile; fileRef = 6629607E1CBB1205006B54E3 /* BrowserViewController.swift */; };
		664F1BCC1EEC76D600443369 /* NotificationTypes.swift in Sources */ = {isa = PBXBuildFile; fileRef = 664F1BCB1EEC76D600443369 /* NotificationTypes.swift */; };
		669485BA1B9B9DDD002FB335 /* Errors.swift in Sources */ = {isa = PBXBuildFile; fileRef = 669485B91B9B9DDD002FB335 /* Errors.swift */; };
		66E5A44F1B9B2E1500B492B5 /* Tree.swift in Sources */ = {isa = PBXBuildFile; fileRef = 66E5A44E1B9B2E1500B492B5 /* Tree.swift */; };
		66E5A4521B9B2EF900B492B5 /* Person.swift in Sources */ = {isa = PBXBuildFile; fileRef = 66E5A4511B9B2EF900B492B5 /* Person.swift */; };
		66FADC401CBC3D6B00AEA7CC /* Relationship.swift in Sources */ = {isa = PBXBuildFile; fileRef = 66FADC3F1CBC3D6B00AEA7CC /* Relationship.swift */; };
/* End PBXBuildFile section */

/* Begin PBXFileReference section */
		66131AC71C0276F30069AE80 /* TreeViewController.swift */ = {isa = PBXFileReference; fileEncoding = 4; lastKnownFileType = sourcecode.swift; path = TreeViewController.swift; sourceTree = "<group>"; };
		66131ACB1C027DE10069AE80 /* TreeView.swift */ = {isa = PBXFileReference; fileEncoding = 4; lastKnownFileType = sourcecode.swift; path = TreeView.swift; sourceTree = "<group>"; };
		6616711B1B2E64D100714530 /* Family Viewer.app */ = {isa = PBXFileReference; explicitFileType = wrapper.application; includeInIndex = 0; path = "Family Viewer.app"; sourceTree = BUILT_PRODUCTS_DIR; };
		6616711E1B2E64D100714530 /* AppDelegate.swift */ = {isa = PBXFileReference; lastKnownFileType = sourcecode.swift; path = AppDelegate.swift; sourceTree = "<group>"; };
		661671201B2E64D100714530 /* PersonDetailViewController.swift */ = {isa = PBXFileReference; lastKnownFileType = sourcecode.swift; path = PersonDetailViewController.swift; sourceTree = "<group>"; };
		661671241B2E64D100714530 /* Assets.xcassets */ = {isa = PBXFileReference; lastKnownFileType = folder.assetcatalog; path = Assets.xcassets; sourceTree = "<group>"; };
		661671271B2E64D100714530 /* Base */ = {isa = PBXFileReference; lastKnownFileType = file.storyboard; name = Base; path = Base.lproj/Main.storyboard; sourceTree = "<group>"; };
		661671291B2E64D100714530 /* Info.plist */ = {isa = PBXFileReference; lastKnownFileType = text.plist.xml; path = Info.plist; sourceTree = "<group>"; };
		661671301B2E6DC800714530 /* Utility.swift */ = {isa = PBXFileReference; fileEncoding = 4; lastKnownFileType = sourcecode.swift; path = Utility.swift; sourceTree = "<group>"; };
		661A2AF91B9BE21D004A4FEF /* BirthdayViewController.swift */ = {isa = PBXFileReference; fileEncoding = 4; lastKnownFileType = sourcecode.swift; path = BirthdayViewController.swift; sourceTree = "<group>"; };
		661A2AFB1B9BE22E004A4FEF /* NameComponents.swift */ = {isa = PBXFileReference; fileEncoding = 4; lastKnownFileType = sourcecode.swift; path = NameComponents.swift; sourceTree = "<group>"; };
		661A2AFD1B9BE23B004A4FEF /* DeathViewController.swift */ = {isa = PBXFileReference; fileEncoding = 4; lastKnownFileType = sourcecode.swift; path = DeathViewController.swift; sourceTree = "<group>"; };
		66223B6F1B30A050004132B6 /* AddParentViewController.swift */ = {isa = PBXFileReference; fileEncoding = 4; lastKnownFileType = sourcecode.swift; path = AddParentViewController.swift; sourceTree = "<group>"; };
		66223B701B30A050004132B6 /* EditNameViewController.swift */ = {isa = PBXFileReference; fileEncoding = 4; lastKnownFileType = sourcecode.swift; path = EditNameViewController.swift; sourceTree = "<group>"; };
		6629607E1CBB1205006B54E3 /* BrowserViewController.swift */ = {isa = PBXFileReference; fileEncoding = 4; lastKnownFileType = sourcecode.swift; path = BrowserViewController.swift; sourceTree = "<group>"; };
		664F1BCB1EEC76D600443369 /* NotificationTypes.swift */ = {isa = PBXFileReference; lastKnownFileType = sourcecode.swift; path = NotificationTypes.swift; sourceTree = "<group>"; };
		669485B91B9B9DDD002FB335 /* Errors.swift */ = {isa = PBXFileReference; fileEncoding = 4; lastKnownFileType = sourcecode.swift; path = Errors.swift; sourceTree = "<group>"; };
		66E5A44E1B9B2E1500B492B5 /* Tree.swift */ = {isa = PBXFileReference; fileEncoding = 4; lastKnownFileType = sourcecode.swift; path = Tree.swift; sourceTree = "<group>"; };
		66E5A4511B9B2EF900B492B5 /* Person.swift */ = {isa = PBXFileReference; fileEncoding = 4; lastKnownFileType = sourcecode.swift; path = Person.swift; sourceTree = "<group>"; };
		66FADC3F1CBC3D6B00AEA7CC /* Relationship.swift */ = {isa = PBXFileReference; fileEncoding = 4; lastKnownFileType = sourcecode.swift; path = Relationship.swift; sourceTree = "<group>"; };
/* End PBXFileReference section */

/* Begin PBXFrameworksBuildPhase section */
		661671181B2E64D000714530 /* Frameworks */ = {
			isa = PBXFrameworksBuildPhase;
			buildActionMask = 2147483647;
			files = (
			);
			runOnlyForDeploymentPostprocessing = 0;
		};
/* End PBXFrameworksBuildPhase section */

/* Begin PBXGroup section */
		661671121B2E64D000714530 = {
			isa = PBXGroup;
			children = (
				6616711D1B2E64D100714530 /* Family Viewer */,
				6616711C1B2E64D100714530 /* Products */,
			);
			sourceTree = "<group>";
		};
		6616711C1B2E64D100714530 /* Products */ = {
			isa = PBXGroup;
			children = (
				6616711B1B2E64D100714530 /* Family Viewer.app */,
			);
			name = Products;
			sourceTree = "<group>";
		};
		6616711D1B2E64D100714530 /* Family Viewer */ = {
			isa = PBXGroup;
			children = (
				664F1BCB1EEC76D600443369 /* NotificationTypes.swift */,
				6616711E1B2E64D100714530 /* AppDelegate.swift */,
				661A2AFB1B9BE22E004A4FEF /* NameComponents.swift */,
				661671301B2E6DC800714530 /* Utility.swift */,
				669485B91B9B9DDD002FB335 /* Errors.swift */,
				66E5A4531B9B32C800B492B5 /* Classes */,
				66E5A4501B9B2E3900B492B5 /* View Controllers */,
				661671241B2E64D100714530 /* Assets.xcassets */,
				661671261B2E64D100714530 /* Main.storyboard */,
				661671291B2E64D100714530 /* Info.plist */,
			);
			path = "Family Viewer";
			sourceTree = "<group>";
		};
		66E5A4501B9B2E3900B492B5 /* View Controllers */ = {
			isa = PBXGroup;
			children = (
				6629607E1CBB1205006B54E3 /* BrowserViewController.swift */,
				661671201B2E64D100714530 /* PersonDetailViewController.swift */,
				66223B6F1B30A050004132B6 /* AddParentViewController.swift */,
				66223B701B30A050004132B6 /* EditNameViewController.swift */,
				661A2AF91B9BE21D004A4FEF /* BirthdayViewController.swift */,
				661A2AFD1B9BE23B004A4FEF /* DeathViewController.swift */,
				66131AC71C0276F30069AE80 /* TreeViewController.swift */,
				66131ACB1C027DE10069AE80 /* TreeView.swift */,
			);
			name = "View Controllers";
			sourceTree = "<group>";
		};
		66E5A4531B9B32C800B492B5 /* Classes */ = {
			isa = PBXGroup;
			children = (
				66FADC3F1CBC3D6B00AEA7CC /* Relationship.swift */,
				66E5A4511B9B2EF900B492B5 /* Person.swift */,
				66E5A44E1B9B2E1500B492B5 /* Tree.swift */,
			);
			name = Classes;
			sourceTree = "<group>";
		};
/* End PBXGroup section */

/* Begin PBXNativeTarget section */
		6616711A1B2E64D000714530 /* Family Viewer */ = {
			isa = PBXNativeTarget;
			buildConfigurationList = 6616712C1B2E64D100714530 /* Build configuration list for PBXNativeTarget "Family Viewer" */;
			buildPhases = (
				661671171B2E64D000714530 /* Sources */,
				661671181B2E64D000714530 /* Frameworks */,
				661671191B2E64D000714530 /* Resources */,
				6616712F1B2E64E400714530 /* Increment Build */,
			);
			buildRules = (
			);
			dependencies = (
			);
			name = "Family Viewer";
			productName = "Family Viewer";
			productReference = 6616711B1B2E64D100714530 /* Family Viewer.app */;
			productType = "com.apple.product-type.application";
		};
/* End PBXNativeTarget section */

/* Begin PBXProject section */
		661671131B2E64D000714530 /* Project object */ = {
			isa = PBXProject;
			attributes = {
				LastSwiftUpdateCheck = 0730;
				LastUpgradeCheck = 0900;
				ORGANIZATIONNAME = "Ezekiel Elin";
				TargetAttributes = {
					6616711A1B2E64D000714530 = {
						CreatedOnToolsVersion = 7.0;
						DevelopmentTeam = 39QG79F7FD;
						LastSwiftMigration = 0900;
						SystemCapabilities = {
							com.apple.Maps.Mac = {
								enabled = 0;
							};
							com.apple.Sandbox = {
								enabled = 0;
							};
						};
					};
				};
			};
			buildConfigurationList = 661671161B2E64D000714530 /* Build configuration list for PBXProject "Family Viewer" */;
			compatibilityVersion = "Xcode 3.2";
			developmentRegion = English;
			hasScannedForEncodings = 0;
			knownRegions = (
				en,
				Base,
			);
			mainGroup = 661671121B2E64D000714530;
			productRefGroup = 6616711C1B2E64D100714530 /* Products */;
			projectDirPath = "";
			projectRoot = "";
			targets = (
				6616711A1B2E64D000714530 /* Family Viewer */,
			);
		};
/* End PBXProject section */

/* Begin PBXResourcesBuildPhase section */
		661671191B2E64D000714530 /* Resources */ = {
			isa = PBXResourcesBuildPhase;
			buildActionMask = 2147483647;
			files = (
				661671251B2E64D100714530 /* Assets.xcassets in Resources */,
				661671281B2E64D100714530 /* Main.storyboard in Resources */,
			);
			runOnlyForDeploymentPostprocessing = 0;
		};
/* End PBXResourcesBuildPhase section */

/* Begin PBXShellScriptBuildPhase section */
		6616712F1B2E64E400714530 /* Increment Build */ = {
			isa = PBXShellScriptBuildPhase;
			buildActionMask = 2147483647;
			files = (
			);
			inputPaths = (
			);
			name = "Increment Build";
			outputPaths = (
			);
			runOnlyForDeploymentPostprocessing = 0;
			shellPath = /bin/sh;
			shellScript = "#!/bin/bash\nbuildNumber=$(/usr/libexec/PlistBuddy -c \"Print CFBundleVersion\" \"$INFOPLIST_FILE\")\nbuildNumber=$(($buildNumber + 1))\n/usr/libexec/PlistBuddy -c \"Set :CFBundleVersion $buildNumber\" \"$INFOPLIST_FILE\"\n";
		};
/* End PBXShellScriptBuildPhase section */

/* Begin PBXSourcesBuildPhase section */
		661671171B2E64D000714530 /* Sources */ = {
			isa = PBXSourcesBuildPhase;
			buildActionMask = 2147483647;
			files = (
				66131AC91C0276F30069AE80 /* TreeViewController.swift in Sources */,
				6629607F1CBB1205006B54E3 /* BrowserViewController.swift in Sources */,
				661671311B2E6DC800714530 /* Utility.swift in Sources */,
				661671211B2E64D100714530 /* PersonDetailViewController.swift in Sources */,
				669485BA1B9B9DDD002FB335 /* Errors.swift in Sources */,
				66E5A4521B9B2EF900B492B5 /* Person.swift in Sources */,
				66223B711B30A050004132B6 /* AddParentViewController.swift in Sources */,
				661A2AFE1B9BE23B004A4FEF /* DeathViewController.swift in Sources */,
				661A2AFA1B9BE21D004A4FEF /* BirthdayViewController.swift in Sources */,
				66E5A44F1B9B2E1500B492B5 /* Tree.swift in Sources */,
				661A2AFC1B9BE22E004A4FEF /* NameComponents.swift in Sources */,
				6616711F1B2E64D100714530 /* AppDelegate.swift in Sources */,
				66223B721B30A050004132B6 /* EditNameViewController.swift in Sources */,
				66131ACC1C027DE10069AE80 /* TreeView.swift in Sources */,
				664F1BCC1EEC76D600443369 /* NotificationTypes.swift in Sources */,
				66FADC401CBC3D6B00AEA7CC /* Relationship.swift in Sources */,
			);
			runOnlyForDeploymentPostprocessing = 0;
		};
/* End PBXSourcesBuildPhase section */

/* Begin PBXVariantGroup section */
		661671261B2E64D100714530 /* Main.storyboard */ = {
			isa = PBXVariantGroup;
			children = (
				661671271B2E64D100714530 /* Base */,
			);
			name = Main.storyboard;
			sourceTree = "<group>";
		};
/* End PBXVariantGroup section */

/* Begin XCBuildConfiguration section */
		6616712A1B2E64D100714530 /* Debug */ = {
			isa = XCBuildConfiguration;
			buildSettings = {
				ALWAYS_SEARCH_USER_PATHS = NO;
				CLANG_CXX_LANGUAGE_STANDARD = "gnu++0x";
				CLANG_CXX_LIBRARY = "libc++";
				CLANG_ENABLE_MODULES = YES;
				CLANG_ENABLE_OBJC_ARC = YES;
				CLANG_WARN_BLOCK_CAPTURE_AUTORELEASING = YES;
				CLANG_WARN_BOOL_CONVERSION = YES;
				CLANG_WARN_COMMA = YES;
				CLANG_WARN_CONSTANT_CONVERSION = YES;
				CLANG_WARN_DIRECT_OBJC_ISA_USAGE = YES_ERROR;
				CLANG_WARN_EMPTY_BODY = YES;
				CLANG_WARN_ENUM_CONVERSION = YES;
				CLANG_WARN_INFINITE_RECURSION = YES;
				CLANG_WARN_INT_CONVERSION = YES;
				CLANG_WARN_NON_LITERAL_NULL_CONVERSION = YES;
				CLANG_WARN_OBJC_LITERAL_CONVERSION = YES;
				CLANG_WARN_OBJC_ROOT_CLASS = YES_ERROR;
				CLANG_WARN_RANGE_LOOP_ANALYSIS = YES;
				CLANG_WARN_STRICT_PROTOTYPES = YES;
				CLANG_WARN_SUSPICIOUS_MOVE = YES;
				CLANG_WARN_UNREACHABLE_CODE = YES;
				CLANG_WARN__DUPLICATE_METHOD_MATCH = YES;
				CODE_SIGN_IDENTITY = "-";
				COPY_PHASE_STRIP = NO;
				DEBUG_INFORMATION_FORMAT = dwarf;
				ENABLE_STRICT_OBJC_MSGSEND = YES;
				ENABLE_TESTABILITY = YES;
				GCC_C_LANGUAGE_STANDARD = gnu99;
				GCC_DYNAMIC_NO_PIC = NO;
				GCC_NO_COMMON_BLOCKS = YES;
				GCC_OPTIMIZATION_LEVEL = 0;
				GCC_PREPROCESSOR_DEFINITIONS = (
					"DEBUG=1",
					"$(inherited)",
				);
				GCC_WARN_64_TO_32_BIT_CONVERSION = YES;
				GCC_WARN_ABOUT_RETURN_TYPE = YES_ERROR;
				GCC_WARN_UNDECLARED_SELECTOR = YES;
				GCC_WARN_UNINITIALIZED_AUTOS = YES_AGGRESSIVE;
				GCC_WARN_UNUSED_FUNCTION = YES;
				GCC_WARN_UNUSED_VARIABLE = YES;
				MACOSX_DEPLOYMENT_TARGET = 10.12;
				MTL_ENABLE_DEBUG_INFO = YES;
				ONLY_ACTIVE_ARCH = YES;
				SDKROOT = macosx;
				SWIFT_OPTIMIZATION_LEVEL = "-Onone";
			};
			name = Debug;
		};
		6616712B1B2E64D100714530 /* Release */ = {
			isa = XCBuildConfiguration;
			buildSettings = {
				ALWAYS_SEARCH_USER_PATHS = NO;
				CLANG_CXX_LANGUAGE_STANDARD = "gnu++0x";
				CLANG_CXX_LIBRARY = "libc++";
				CLANG_ENABLE_MODULES = YES;
				CLANG_ENABLE_OBJC_ARC = YES;
				CLANG_WARN_BLOCK_CAPTURE_AUTORELEASING = YES;
				CLANG_WARN_BOOL_CONVERSION = YES;
				CLANG_WARN_COMMA = YES;
				CLANG_WARN_CONSTANT_CONVERSION = YES;
				CLANG_WARN_DIRECT_OBJC_ISA_USAGE = YES_ERROR;
				CLANG_WARN_EMPTY_BODY = YES;
				CLANG_WARN_ENUM_CONVERSION = YES;
				CLANG_WARN_INFINITE_RECURSION = YES;
				CLANG_WARN_INT_CONVERSION = YES;
				CLANG_WARN_NON_LITERAL_NULL_CONVERSION = YES;
				CLANG_WARN_OBJC_LITERAL_CONVERSION = YES;
				CLANG_WARN_OBJC_ROOT_CLASS = YES_ERROR;
				CLANG_WARN_RANGE_LOOP_ANALYSIS = YES;
				CLANG_WARN_STRICT_PROTOTYPES = YES;
				CLANG_WARN_SUSPICIOUS_MOVE = YES;
				CLANG_WARN_UNREACHABLE_CODE = YES;
				CLANG_WARN__DUPLICATE_METHOD_MATCH = YES;
				CODE_SIGN_IDENTITY = "-";
				COPY_PHASE_STRIP = NO;
				DEBUG_INFORMATION_FORMAT = "dwarf-with-dsym";
				ENABLE_NS_ASSERTIONS = NO;
				ENABLE_STRICT_OBJC_MSGSEND = YES;
				GCC_C_LANGUAGE_STANDARD = gnu99;
				GCC_NO_COMMON_BLOCKS = YES;
				GCC_WARN_64_TO_32_BIT_CONVERSION = YES;
				GCC_WARN_ABOUT_RETURN_TYPE = YES_ERROR;
				GCC_WARN_UNDECLARED_SELECTOR = YES;
				GCC_WARN_UNINITIALIZED_AUTOS = YES_AGGRESSIVE;
				GCC_WARN_UNUSED_FUNCTION = YES;
				GCC_WARN_UNUSED_VARIABLE = YES;
				MACOSX_DEPLOYMENT_TARGET = 10.12;
				MTL_ENABLE_DEBUG_INFO = NO;
				SDKROOT = macosx;
				SWIFT_OPTIMIZATION_LEVEL = "-Owholemodule";
			};
			name = Release;
		};
		6616712D1B2E64D100714530 /* Debug */ = {
			isa = XCBuildConfiguration;
			buildSettings = {
				ASSETCATALOG_COMPILER_APPICON_NAME = AppIcon;
				CODE_SIGN_IDENTITY = "Developer ID Application";
				"CODE_SIGN_IDENTITY[sdk=macosx*]" = "Mac Developer";
				COMBINE_HIDPI_IMAGES = YES;
				INFOPLIST_FILE = "Family Viewer/Info.plist";
				LD_RUNPATH_SEARCH_PATHS = "$(inherited) @executable_path/../Frameworks";
				MACOSX_DEPLOYMENT_TARGET = 10.12;
				PRODUCT_BUNDLE_IDENTIFIER = "com.ezekielelin.Family-Viewer";
				PRODUCT_NAME = "$(TARGET_NAME)";
				PROVISIONING_PROFILE = "";
				SWIFT_SWIFT3_OBJC_INFERENCE = Default;
				SWIFT_VERSION = 4.0;
			};
			name = Debug;
		};
		6616712E1B2E64D100714530 /* Release */ = {
			isa = XCBuildConfiguration;
			buildSettings = {
				ASSETCATALOG_COMPILER_APPICON_NAME = AppIcon;
				CODE_SIGN_IDENTITY = "Developer ID Application";
				"CODE_SIGN_IDENTITY[sdk=macosx*]" = "Mac Developer";
				COMBINE_HIDPI_IMAGES = YES;
				INFOPLIST_FILE = "Family Viewer/Info.plist";
				LD_RUNPATH_SEARCH_PATHS = "$(inherited) @executable_path/../Frameworks";
				MACOSX_DEPLOYMENT_TARGET = 10.12;
				PRODUCT_BUNDLE_IDENTIFIER = "com.ezekielelin.Family-Viewer";
				PRODUCT_NAME = "$(TARGET_NAME)";
				PROVISIONING_PROFILE = "";
				SWIFT_SWIFT3_OBJC_INFERENCE = Default;
				SWIFT_VERSION = 4.0;
			};
			name = Release;
		};
/* End XCBuildConfiguration section */

/* Begin XCConfigurationList section */
		661671161B2E64D000714530 /* Build configuration list for PBXProject "Family Viewer" */ = {
			isa = XCConfigurationList;
			buildConfigurations = (
				6616712A1B2E64D100714530 /* Debug */,
				6616712B1B2E64D100714530 /* Release */,
			);
			defaultConfigurationIsVisible = 0;
			defaultConfigurationName = Release;
		};
		6616712C1B2E64D100714530 /* Build configuration list for PBXNativeTarget "Family Viewer" */ = {
			isa = XCConfigurationList;
			buildConfigurations = (
				6616712D1B2E64D100714530 /* Debug */,
				6616712E1B2E64D100714530 /* Release */,
			);
			defaultConfigurationIsVisible = 0;
			defaultConfigurationName = Release;
		};
/* End XCConfigurationList section */
	};
	rootObject = 661671131B2E64D000714530 /* Project object */;
}
